
Microsoft Visual Studio Solution File, Format Version 12.00
# Visual Studio Version 17
VisualStudioVersion = 17.7.34202.233
MinimumVisualStudioVersion = 10.0.40219.1
Project("{9A19103F-16F7-4668-BE54-9A1E7A4F7556}") = "Api.Ecomerce.Estudo", "Api.Ecomerce.Estudo\Api.Ecomerce.Estudo.csproj", "{AAB15BD6-6A16-4E87-A115-E2A83F27F502}"
EndProject
Project("{9A19103F-16F7-4668-BE54-9A1E7A4F7556}") = "DAL", "DAL\DAL.csproj", "{984D68F5-EB86-4905-9F86-BEF352D3F5D2}"
EndProject
Project("{9A19103F-16F7-4668-BE54-9A1E7A4F7556}") = "Dominio", "Dominio\Dominio.csproj", "{1541BF98-6AF9-4222-9DD2-6620E3CF0D5B}"
EndProject
Project("{FAE04EC0-301F-11D3-BF4B-00C04F79EFBC}") = "Services", "Services\Services.csproj", "{E72CFA6C-DBE5-4029-AABC-E8D6D555B603}"
EndProject
Global
	GlobalSection(SolutionConfigurationPlatforms) = preSolution
		Debug|Any CPU = Debug|Any CPU
		Release|Any CPU = Release|Any CPU
	EndGlobalSection
	GlobalSection(ProjectConfigurationPlatforms) = postSolution
		{AAB15BD6-6A16-4E87-A115-E2A83F27F502}.Debug|Any CPU.ActiveCfg = Debug|Any CPU
		{AAB15BD6-6A16-4E87-A115-E2A83F27F502}.Debug|Any CPU.Build.0 = Debug|Any CPU
		{AAB15BD6-6A16-4E87-A115-E2A83F27F502}.Release|Any CPU.ActiveCfg = Release|Any CPU
		{AAB15BD6-6A16-4E87-A115-E2A83F27F502}.Release|Any CPU.Build.0 = Release|Any CPU
		{984D68F5-EB86-4905-9F86-BEF352D3F5D2}.Debug|Any CPU.ActiveCfg = Debug|Any CPU
		{984D68F5-EB86-4905-9F86-BEF352D3F5D2}.Debug|Any CPU.Build.0 = Debug|Any CPU
		{984D68F5-EB86-4905-9F86-BEF352D3F5D2}.Release|Any CPU.ActiveCfg = Release|Any CPU
		{984D68F5-EB86-4905-9F86-BEF352D3F5D2}.Release|Any CPU.Build.0 = Release|Any CPU
		{1541BF98-6AF9-4222-9DD2-6620E3CF0D5B}.Debug|Any CPU.ActiveCfg = Debug|Any CPU
		{1541BF98-6AF9-4222-9DD2-6620E3CF0D5B}.Debug|Any CPU.Build.0 = Debug|Any CPU
		{1541BF98-6AF9-4222-9DD2-6620E3CF0D5B}.Release|Any CPU.ActiveCfg = Release|Any CPU
		{1541BF98-6AF9-4222-9DD2-6620E3CF0D5B}.Release|Any CPU.Build.0 = Release|Any CPU
		{E72CFA6C-DBE5-4029-AABC-E8D6D555B603}.Debug|Any CPU.ActiveCfg = Debug|Any CPU
		{E72CFA6C-DBE5-4029-AABC-E8D6D555B603}.Debug|Any CPU.Build.0 = Debug|Any CPU
		{E72CFA6C-DBE5-4029-AABC-E8D6D555B603}.Release|Any CPU.ActiveCfg = Release|Any CPU
		{E72CFA6C-DBE5-4029-AABC-E8D6D555B603}.Release|Any CPU.Build.0 = Release|Any CPU
	EndGlobalSection
	GlobalSection(SolutionProperties) = preSolution
		HideSolutionNode = FALSE
	EndGlobalSection
	GlobalSection(ExtensibilityGlobals) = postSolution
		SolutionGuid = {A3848CFC-A403-40BB-A64F-841566382D48}
	EndGlobalSection
EndGlobal
